// !$*UTF8*$!
{
	archiveVersion = 1;
	classes = {
	};
	objectVersion = 56;
	objects = {

/* Begin PBXBuildFile section */
		65AAE7A42BBB3D320024610A /* HomeViewModel.swift in Sources */ = {isa = PBXBuildFile; fileRef = 65AAE7A32BBB3D320024610A /* HomeViewModel.swift */; };
		65AAE7A62BBB3D650024610A /* RegisterViewModel.swift in Sources */ = {isa = PBXBuildFile; fileRef = 65AAE7A52BBB3D650024610A /* RegisterViewModel.swift */; };
		65AAE7A82BBB3D770024610A /* DetailViewModel.swift in Sources */ = {isa = PBXBuildFile; fileRef = 65AAE7A72BBB3D770024610A /* DetailViewModel.swift */; };
		65CEB45E2BC19D6B00A72035 /* kisiler.sqlite in Resources */ = {isa = PBXBuildFile; fileRef = 65CEB45D2BC19D6B00A72035 /* kisiler.sqlite */; };
		65CEB46E2BC19DF000A72035 /* FMDatabaseQueue.m in Sources */ = {isa = PBXBuildFile; fileRef = 65CEB4642BC19DF000A72035 /* FMDatabaseQueue.m */; };
		65CEB46F2BC19DF000A72035 /* FMDatabasePool.m in Sources */ = {isa = PBXBuildFile; fileRef = 65CEB4652BC19DF000A72035 /* FMDatabasePool.m */; };
		65CEB4702BC19DF000A72035 /* FMDatabase.m in Sources */ = {isa = PBXBuildFile; fileRef = 65CEB4672BC19DF000A72035 /* FMDatabase.m */; };
		65CEB4712BC19DF000A72035 /* FMResultSet.m in Sources */ = {isa = PBXBuildFile; fileRef = 65CEB46B2BC19DF000A72035 /* FMResultSet.m */; };
		65CEB4722BC19DF000A72035 /* FMDatabaseAdditions.m in Sources */ = {isa = PBXBuildFile; fileRef = 65CEB46D2BC19DF000A72035 /* FMDatabaseAdditions.m */; };
		65EE3E902BB63CDD00A380CA /* ContactsSwiftUIApp.swift in Sources */ = {isa = PBXBuildFile; fileRef = 65EE3E8F2BB63CDD00A380CA /* ContactsSwiftUIApp.swift */; };
		65EE3E922BB63CDD00A380CA /* HomeView.swift in Sources */ = {isa = PBXBuildFile; fileRef = 65EE3E912BB63CDD00A380CA /* HomeView.swift */; };
		65EE3E942BB63CDF00A380CA /* Assets.xcassets in Resources */ = {isa = PBXBuildFile; fileRef = 65EE3E932BB63CDF00A380CA /* Assets.xcassets */; };
		65EE3E972BB63CDF00A380CA /* Preview Assets.xcassets in Resources */ = {isa = PBXBuildFile; fileRef = 65EE3E962BB63CDF00A380CA /* Preview Assets.xcassets */; };
		65EE3E9E2BB63CF400A380CA /* RegisterView.swift in Sources */ = {isa = PBXBuildFile; fileRef = 65EE3E9D2BB63CF400A380CA /* RegisterView.swift */; };
		65EE3EA02BB63CFF00A380CA /* DetailView.swift in Sources */ = {isa = PBXBuildFile; fileRef = 65EE3E9F2BB63CFF00A380CA /* DetailView.swift */; };
		65EE3EA22BB640F700A380CA /* ContactsModel.swift in Sources */ = {isa = PBXBuildFile; fileRef = 65EE3EA12BB640F600A380CA /* ContactsModel.swift */; };
		65EE3EA42BB6427700A380CA /* ContactsRow.swift in Sources */ = {isa = PBXBuildFile; fileRef = 65EE3EA32BB6427700A380CA /* ContactsRow.swift */; };
/* End PBXBuildFile section */

/* Begin PBXFileReference section */
		65AAE7A32BBB3D320024610A /* HomeViewModel.swift */ = {isa = PBXFileReference; lastKnownFileType = sourcecode.swift; path = HomeViewModel.swift; sourceTree = "<group>"; };
		65AAE7A52BBB3D650024610A /* RegisterViewModel.swift */ = {isa = PBXFileReference; lastKnownFileType = sourcecode.swift; path = RegisterViewModel.swift; sourceTree = "<group>"; };
		65AAE7A72BBB3D770024610A /* DetailViewModel.swift */ = {isa = PBXFileReference; lastKnownFileType = sourcecode.swift; path = DetailViewModel.swift; sourceTree = "<group>"; };
		65CEB45D2BC19D6B00A72035 /* kisiler.sqlite */ = {isa = PBXFileReference; lastKnownFileType = file; path = kisiler.sqlite; sourceTree = "<group>"; };
		65CEB4602BC19DB100A72035 /* libsqlite3.tbd */ = {isa = PBXFileReference; lastKnownFileType = "sourcecode.text-based-dylib-definition"; name = libsqlite3.tbd; path = usr/lib/libsqlite3.tbd; sourceTree = SDKROOT; };
		65CEB4622BC19DF000A72035 /* ContatsSwiftUI-Bridging-Header.h */ = {isa = PBXFileReference; lastKnownFileType = sourcecode.c.h; path = "ContatsSwiftUI-Bridging-Header.h"; sourceTree = "<group>"; };
		65CEB4632BC19DF000A72035 /* FMResultSet.h */ = {isa = PBXFileReference; fileEncoding = 4; lastKnownFileType = sourcecode.c.h; path = FMResultSet.h; sourceTree = "<group>"; };
		65CEB4642BC19DF000A72035 /* FMDatabaseQueue.m */ = {isa = PBXFileReference; fileEncoding = 4; lastKnownFileType = sourcecode.c.objc; path = FMDatabaseQueue.m; sourceTree = "<group>"; };
		65CEB4652BC19DF000A72035 /* FMDatabasePool.m */ = {isa = PBXFileReference; fileEncoding = 4; lastKnownFileType = sourcecode.c.objc; path = FMDatabasePool.m; sourceTree = "<group>"; };
		65CEB4662BC19DF000A72035 /* FMDatabaseQueue.h */ = {isa = PBXFileReference; fileEncoding = 4; lastKnownFileType = sourcecode.c.h; path = FMDatabaseQueue.h; sourceTree = "<group>"; };
		65CEB4672BC19DF000A72035 /* FMDatabase.m */ = {isa = PBXFileReference; fileEncoding = 4; lastKnownFileType = sourcecode.c.objc; path = FMDatabase.m; sourceTree = "<group>"; };
		65CEB4682BC19DF000A72035 /* FMDatabase.h */ = {isa = PBXFileReference; fileEncoding = 4; lastKnownFileType = sourcecode.c.h; path = FMDatabase.h; sourceTree = "<group>"; };
		65CEB4692BC19DF000A72035 /* FMDatabaseAdditions.h */ = {isa = PBXFileReference; fileEncoding = 4; lastKnownFileType = sourcecode.c.h; path = FMDatabaseAdditions.h; sourceTree = "<group>"; };
		65CEB46A2BC19DF000A72035 /* FMDB.h */ = {isa = PBXFileReference; fileEncoding = 4; lastKnownFileType = sourcecode.c.h; path = FMDB.h; sourceTree = "<group>"; };
		65CEB46B2BC19DF000A72035 /* FMResultSet.m */ = {isa = PBXFileReference; fileEncoding = 4; lastKnownFileType = sourcecode.c.objc; path = FMResultSet.m; sourceTree = "<group>"; };
		65CEB46C2BC19DF000A72035 /* FMDatabasePool.h */ = {isa = PBXFileReference; fileEncoding = 4; lastKnownFileType = sourcecode.c.h; path = FMDatabasePool.h; sourceTree = "<group>"; };
		65CEB46D2BC19DF000A72035 /* FMDatabaseAdditions.m */ = {isa = PBXFileReference; fileEncoding = 4; lastKnownFileType = sourcecode.c.objc; path = FMDatabaseAdditions.m; sourceTree = "<group>"; };
		65EE3E8C2BB63CDD00A380CA /* ContatsSwiftUI.app */ = {isa = PBXFileReference; explicitFileType = wrapper.application; includeInIndex = 0; path = ContatsSwiftUI.app; sourceTree = BUILT_PRODUCTS_DIR; };
		65EE3E8F2BB63CDD00A380CA /* ContactsSwiftUIApp.swift */ = {isa = PBXFileReference; lastKnownFileType = sourcecode.swift; path = ContactsSwiftUIApp.swift; sourceTree = "<group>"; };
		65EE3E912BB63CDD00A380CA /* HomeView.swift */ = {isa = PBXFileReference; lastKnownFileType = sourcecode.swift; path = HomeView.swift; sourceTree = "<group>"; };
		65EE3E932BB63CDF00A380CA /* Assets.xcassets */ = {isa = PBXFileReference; lastKnownFileType = folder.assetcatalog; path = Assets.xcassets; sourceTree = "<group>"; };
		65EE3E962BB63CDF00A380CA /* Preview Assets.xcassets */ = {isa = PBXFileReference; lastKnownFileType = folder.assetcatalog; path = "Preview Assets.xcassets"; sourceTree = "<group>"; };
		65EE3E9D2BB63CF400A380CA /* RegisterView.swift */ = {isa = PBXFileReference; lastKnownFileType = sourcecode.swift; path = RegisterView.swift; sourceTree = "<group>"; };
		65EE3E9F2BB63CFF00A380CA /* DetailView.swift */ = {isa = PBXFileReference; lastKnownFileType = sourcecode.swift; path = DetailView.swift; sourceTree = "<group>"; };
		65EE3EA12BB640F600A380CA /* ContactsModel.swift */ = {isa = PBXFileReference; lastKnownFileType = sourcecode.swift; path = ContactsModel.swift; sourceTree = "<group>"; };
		65EE3EA32BB6427700A380CA /* ContactsRow.swift */ = {isa = PBXFileReference; lastKnownFileType = sourcecode.swift; path = ContactsRow.swift; sourceTree = "<group>"; };
/* End PBXFileReference section */

/* Begin PBXFrameworksBuildPhase section */
		65EE3E892BB63CDD00A380CA /* Frameworks */ = {
			isa = PBXFrameworksBuildPhase;
			buildActionMask = 2147483647;
			files = (
			);
			runOnlyForDeploymentPostprocessing = 0;
		};
/* End PBXFrameworksBuildPhase section */

/* Begin PBXGroup section */
		65AAE79E2BBB3C030024610A /* View  */ = {
			isa = PBXGroup;
			children = (
				65EE3E912BB63CDD00A380CA /* HomeView.swift */,
				65EE3E9D2BB63CF400A380CA /* RegisterView.swift */,
				65EE3E9F2BB63CFF00A380CA /* DetailView.swift */,
				65AAE7A22BBB3CA10024610A /* List */,
			);
			path = "View ";
			sourceTree = "<group>";
		};
		65AAE79F2BBB3C3D0024610A /* Model */ = {
			isa = PBXGroup;
			children = (
				65CEB4612BC19DE200A72035 /* FMDB */,
				65EE3EA12BB640F600A380CA /* ContactsModel.swift */,
				65CEB45D2BC19D6B00A72035 /* kisiler.sqlite */,
			);
			path = Model;
			sourceTree = "<group>";
		};
		65AAE7A12BBB3C7D0024610A /* ViewModel */ = {
			isa = PBXGroup;
			children = (
				65AAE7A32BBB3D320024610A /* HomeViewModel.swift */,
				65AAE7A52BBB3D650024610A /* RegisterViewModel.swift */,
				65AAE7A72BBB3D770024610A /* DetailViewModel.swift */,
			);
			path = ViewModel;
			sourceTree = "<group>";
		};
		65AAE7A22BBB3CA10024610A /* List */ = {
			isa = PBXGroup;
			children = (
				65EE3EA32BB6427700A380CA /* ContactsRow.swift */,
			);
			path = List;
			sourceTree = "<group>";
		};
		65CEB45F2BC19DB100A72035 /* Frameworks */ = {
			isa = PBXGroup;
			children = (
				65CEB4602BC19DB100A72035 /* libsqlite3.tbd */,
			);
			name = Frameworks;
			sourceTree = "<group>";
		};
		65CEB4612BC19DE200A72035 /* FMDB */ = {
			isa = PBXGroup;
			children = (
				65CEB4682BC19DF000A72035 /* FMDatabase.h */,
				65CEB4672BC19DF000A72035 /* FMDatabase.m */,
				65CEB4692BC19DF000A72035 /* FMDatabaseAdditions.h */,
				65CEB46D2BC19DF000A72035 /* FMDatabaseAdditions.m */,
				65CEB46C2BC19DF000A72035 /* FMDatabasePool.h */,
				65CEB4652BC19DF000A72035 /* FMDatabasePool.m */,
				65CEB4662BC19DF000A72035 /* FMDatabaseQueue.h */,
				65CEB4642BC19DF000A72035 /* FMDatabaseQueue.m */,
				65CEB46A2BC19DF000A72035 /* FMDB.h */,
				65CEB4632BC19DF000A72035 /* FMResultSet.h */,
				65CEB46B2BC19DF000A72035 /* FMResultSet.m */,
				65CEB4622BC19DF000A72035 /* ContatsSwiftUI-Bridging-Header.h */,
			);
			path = FMDB;
			sourceTree = "<group>";
		};
		65EE3E832BB63CDD00A380CA = {
			isa = PBXGroup;
			children = (
				65EE3E8E2BB63CDD00A380CA /* ContatsSwiftUI */,
				65EE3E8D2BB63CDD00A380CA /* Products */,
				65CEB45F2BC19DB100A72035 /* Frameworks */,
			);
			sourceTree = "<group>";
		};
		65EE3E8D2BB63CDD00A380CA /* Products */ = {
			isa = PBXGroup;
			children = (
				65EE3E8C2BB63CDD00A380CA /* ContatsSwiftUI.app */,
			);
			name = Products;
			sourceTree = "<group>";
		};
		65EE3E8E2BB63CDD00A380CA /* ContatsSwiftUI */ = {
			isa = PBXGroup;
			children = (
				65EE3E8F2BB63CDD00A380CA /* ContactsSwiftUIApp.swift */,
				65AAE79F2BBB3C3D0024610A /* Model */,
				65AAE79E2BBB3C030024610A /* View  */,
				65AAE7A12BBB3C7D0024610A /* ViewModel */,
				65EE3E932BB63CDF00A380CA /* Assets.xcassets */,
				65EE3E952BB63CDF00A380CA /* Preview Content */,
			);
			path = ContatsSwiftUI;
			sourceTree = "<group>";
		};
		65EE3E952BB63CDF00A380CA /* Preview Content */ = {
			isa = PBXGroup;
			children = (
				65EE3E962BB63CDF00A380CA /* Preview Assets.xcassets */,
			);
			path = "Preview Content";
			sourceTree = "<group>";
		};
/* End PBXGroup section */

/* Begin PBXNativeTarget section */
		65EE3E8B2BB63CDD00A380CA /* ContatsSwiftUI */ = {
			isa = PBXNativeTarget;
			buildConfigurationList = 65EE3E9A2BB63CDF00A380CA /* Build configuration list for PBXNativeTarget "ContatsSwiftUI" */;
			buildPhases = (
				65EE3E882BB63CDD00A380CA /* Sources */,
				65EE3E892BB63CDD00A380CA /* Frameworks */,
				65EE3E8A2BB63CDD00A380CA /* Resources */,
			);
			buildRules = (
			);
			dependencies = (
			);
			name = ContatsSwiftUI;
			productName = ContatsSwiftUI;
			productReference = 65EE3E8C2BB63CDD00A380CA /* ContatsSwiftUI.app */;
			productType = "com.apple.product-type.application";
		};
/* End PBXNativeTarget section */

/* Begin PBXProject section */
		65EE3E842BB63CDD00A380CA /* Project object */ = {
			isa = PBXProject;
			attributes = {
				BuildIndependentTargetsInParallel = 1;
				LastSwiftUpdateCheck = 1500;
				LastUpgradeCheck = 1500;
				TargetAttributes = {
					65EE3E8B2BB63CDD00A380CA = {
						CreatedOnToolsVersion = 15.0;
						LastSwiftMigration = 1530;
					};
				};
			};
			buildConfigurationList = 65EE3E872BB63CDD00A380CA /* Build configuration list for PBXProject "ContatsSwiftUI" */;
			compatibilityVersion = "Xcode 14.0";
			developmentRegion = en;
			hasScannedForEncodings = 0;
			knownRegions = (
				en,
				Base,
			);
			mainGroup = 65EE3E832BB63CDD00A380CA;
			productRefGroup = 65EE3E8D2BB63CDD00A380CA /* Products */;
			projectDirPath = "";
			projectRoot = "";
			targets = (
				65EE3E8B2BB63CDD00A380CA /* ContatsSwiftUI */,
			);
		};
/* End PBXProject section */

/* Begin PBXResourcesBuildPhase section */
		65EE3E8A2BB63CDD00A380CA /* Resources */ = {
			isa = PBXResourcesBuildPhase;
			buildActionMask = 2147483647;
			files = (
				65EE3E972BB63CDF00A380CA /* Preview Assets.xcassets in Resources */,
				65EE3E942BB63CDF00A380CA /* Assets.xcassets in Resources */,
				65CEB45E2BC19D6B00A72035 /* kisiler.sqlite in Resources */,
			);
			runOnlyForDeploymentPostprocessing = 0;
		};
/* End PBXResourcesBuildPhase section */

/* Begin PBXSourcesBuildPhase section */
		65EE3E882BB63CDD00A380CA /* Sources */ = {
			isa = PBXSourcesBuildPhase;
			buildActionMask = 2147483647;
			files = (
				65EE3EA22BB640F700A380CA /* ContactsModel.swift in Sources */,
				65EE3E9E2BB63CF400A380CA /* RegisterView.swift in Sources */,
				65AAE7A42BBB3D320024610A /* HomeViewModel.swift in Sources */,
				65CEB4702BC19DF000A72035 /* FMDatabase.m in Sources */,
				65AAE7A62BBB3D650024610A /* RegisterViewModel.swift in Sources */,
				65CEB4722BC19DF000A72035 /* FMDatabaseAdditions.m in Sources */,
				65AAE7A82BBB3D770024610A /* DetailViewModel.swift in Sources */,
				65CEB4712BC19DF000A72035 /* FMResultSet.m in Sources */,
				65CEB46F2BC19DF000A72035 /* FMDatabasePool.m in Sources */,
				65CEB46E2BC19DF000A72035 /* FMDatabaseQueue.m in Sources */,
				65EE3E922BB63CDD00A380CA /* HomeView.swift in Sources */,
				65EE3EA42BB6427700A380CA /* ContactsRow.swift in Sources */,
				65EE3EA02BB63CFF00A380CA /* DetailView.swift in Sources */,
				65EE3E902BB63CDD00A380CA /* ContactsSwiftUIApp.swift in Sources */,
			);
			runOnlyForDeploymentPostprocessing = 0;
		};
/* End PBXSourcesBuildPhase section */

/* Begin XCBuildConfiguration section */
		65EE3E982BB63CDF00A380CA /* Debug */ = {
			isa = XCBuildConfiguration;
			buildSettings = {
				ALWAYS_SEARCH_USER_PATHS = NO;
				ASSETCATALOG_COMPILER_GENERATE_SWIFT_ASSET_SYMBOL_EXTENSIONS = YES;
				CLANG_ANALYZER_NONNULL = YES;
				CLANG_ANALYZER_NUMBER_OBJECT_CONVERSION = YES_AGGRESSIVE;
				CLANG_CXX_LANGUAGE_STANDARD = "gnu++20";
				CLANG_ENABLE_MODULES = YES;
				CLANG_ENABLE_OBJC_ARC = YES;
				CLANG_ENABLE_OBJC_WEAK = YES;
				CLANG_WARN_BLOCK_CAPTURE_AUTORELEASING = YES;
				CLANG_WARN_BOOL_CONVERSION = YES;
				CLANG_WARN_COMMA = YES;
				CLANG_WARN_CONSTANT_CONVERSION = YES;
				CLANG_WARN_DEPRECATED_OBJC_IMPLEMENTATIONS = YES;
				CLANG_WARN_DIRECT_OBJC_ISA_USAGE = YES_ERROR;
				CLANG_WARN_DOCUMENTATION_COMMENTS = YES;
				CLANG_WARN_EMPTY_BODY = YES;
				CLANG_WARN_ENUM_CONVERSION = YES;
				CLANG_WARN_INFINITE_RECURSION = YES;
				CLANG_WARN_INT_CONVERSION = YES;
				CLANG_WARN_NON_LITERAL_NULL_CONVERSION = YES;
				CLANG_WARN_OBJC_IMPLICIT_RETAIN_SELF = YES;
				CLANG_WARN_OBJC_LITERAL_CONVERSION = YES;
				CLANG_WARN_OBJC_ROOT_CLASS = YES_ERROR;
				CLANG_WARN_QUOTED_INCLUDE_IN_FRAMEWORK_HEADER = YES;
				CLANG_WARN_RANGE_LOOP_ANALYSIS = YES;
				CLANG_WARN_STRICT_PROTOTYPES = YES;
				CLANG_WARN_SUSPICIOUS_MOVE = YES;
				CLANG_WARN_UNGUARDED_AVAILABILITY = YES_AGGRESSIVE;
				CLANG_WARN_UNREACHABLE_CODE = YES;
				CLANG_WARN__DUPLICATE_METHOD_MATCH = YES;
				COPY_PHASE_STRIP = NO;
				DEBUG_INFORMATION_FORMAT = dwarf;
				ENABLE_STRICT_OBJC_MSGSEND = YES;
				ENABLE_TESTABILITY = YES;
				ENABLE_USER_SCRIPT_SANDBOXING = YES;
				GCC_C_LANGUAGE_STANDARD = gnu17;
				GCC_DYNAMIC_NO_PIC = NO;
				GCC_NO_COMMON_BLOCKS = YES;
				GCC_OPTIMIZATION_LEVEL = 0;
				GCC_PREPROCESSOR_DEFINITIONS = (
					"DEBUG=1",
					"$(inherited)",
				);
				GCC_WARN_64_TO_32_BIT_CONVERSION = YES;
				GCC_WARN_ABOUT_RETURN_TYPE = YES_ERROR;
				GCC_WARN_UNDECLARED_SELECTOR = YES;
				GCC_WARN_UNINITIALIZED_AUTOS = YES_AGGRESSIVE;
				GCC_WARN_UNUSED_FUNCTION = YES;
				GCC_WARN_UNUSED_VARIABLE = YES;
				IPHONEOS_DEPLOYMENT_TARGET = 17.0;
				LOCALIZATION_PREFERS_STRING_CATALOGS = YES;
				MTL_ENABLE_DEBUG_INFO = INCLUDE_SOURCE;
				MTL_FAST_MATH = YES;
				ONLY_ACTIVE_ARCH = YES;
				SDKROOT = iphoneos;
				SWIFT_ACTIVE_COMPILATION_CONDITIONS = "DEBUG $(inherited)";
				SWIFT_OPTIMIZATION_LEVEL = "-Onone";
			};
			name = Debug;
		};
		65EE3E992BB63CDF00A380CA /* Release */ = {
			isa = XCBuildConfiguration;
			buildSettings = {
				ALWAYS_SEARCH_USER_PATHS = NO;
				ASSETCATALOG_COMPILER_GENERATE_SWIFT_ASSET_SYMBOL_EXTENSIONS = YES;
				CLANG_ANALYZER_NONNULL = YES;
				CLANG_ANALYZER_NUMBER_OBJECT_CONVERSION = YES_AGGRESSIVE;
				CLANG_CXX_LANGUAGE_STANDARD = "gnu++20";
				CLANG_ENABLE_MODULES = YES;
				CLANG_ENABLE_OBJC_ARC = YES;
				CLANG_ENABLE_OBJC_WEAK = YES;
				CLANG_WARN_BLOCK_CAPTURE_AUTORELEASING = YES;
				CLANG_WARN_BOOL_CONVERSION = YES;
				CLANG_WARN_COMMA = YES;
				CLANG_WARN_CONSTANT_CONVERSION = YES;
				CLANG_WARN_DEPRECATED_OBJC_IMPLEMENTATIONS = YES;
				CLANG_WARN_DIRECT_OBJC_ISA_USAGE = YES_ERROR;
				CLANG_WARN_DOCUMENTATION_COMMENTS = YES;
				CLANG_WARN_EMPTY_BODY = YES;
				CLANG_WARN_ENUM_CONVERSION = YES;
				CLANG_WARN_INFINITE_RECURSION = YES;
				CLANG_WARN_INT_CONVERSION = YES;
				CLANG_WARN_NON_LITERAL_NULL_CONVERSION = YES;
				CLANG_WARN_OBJC_IMPLICIT_RETAIN_SELF = YES;
				CLANG_WARN_OBJC_LITERAL_CONVERSION = YES;
				CLANG_WARN_OBJC_ROOT_CLASS = YES_ERROR;
				CLANG_WARN_QUOTED_INCLUDE_IN_FRAMEWORK_HEADER = YES;
				CLANG_WARN_RANGE_LOOP_ANALYSIS = YES;
				CLANG_WARN_STRICT_PROTOTYPES = YES;
				CLANG_WARN_SUSPICIOUS_MOVE = YES;
				CLANG_WARN_UNGUARDED_AVAILABILITY = YES_AGGRESSIVE;
				CLANG_WARN_UNREACHABLE_CODE = YES;
				CLANG_WARN__DUPLICATE_METHOD_MATCH = YES;
				COPY_PHASE_STRIP = NO;
				DEBUG_INFORMATION_FORMAT = "dwarf-with-dsym";
				ENABLE_NS_ASSERTIONS = NO;
				ENABLE_STRICT_OBJC_MSGSEND = YES;
				ENABLE_USER_SCRIPT_SANDBOXING = YES;
				GCC_C_LANGUAGE_STANDARD = gnu17;
				GCC_NO_COMMON_BLOCKS = YES;
				GCC_WARN_64_TO_32_BIT_CONVERSION = YES;
				GCC_WARN_ABOUT_RETURN_TYPE = YES_ERROR;
				GCC_WARN_UNDECLARED_SELECTOR = YES;
				GCC_WARN_UNINITIALIZED_AUTOS = YES_AGGRESSIVE;
				GCC_WARN_UNUSED_FUNCTION = YES;
				GCC_WARN_UNUSED_VARIABLE = YES;
				IPHONEOS_DEPLOYMENT_TARGET = 17.0;
				LOCALIZATION_PREFERS_STRING_CATALOGS = YES;
				MTL_ENABLE_DEBUG_INFO = NO;
				MTL_FAST_MATH = YES;
				SDKROOT = iphoneos;
				SWIFT_COMPILATION_MODE = wholemodule;
				VALIDATE_PRODUCT = YES;
			};
			name = Release;
		};
		65EE3E9B2BB63CDF00A380CA /* Debug */ = {
			isa = XCBuildConfiguration;
			buildSettings = {
				ASSETCATALOG_COMPILER_APPICON_NAME = AppIcon;
				ASSETCATALOG_COMPILER_GLOBAL_ACCENT_COLOR_NAME = AccentColor;
				CLANG_ENABLE_MODULES = YES;
				CODE_SIGN_STYLE = Automatic;
				CURRENT_PROJECT_VERSION = 1;
				DEVELOPMENT_ASSET_PATHS = "\"ContatsSwiftUI/Preview Content\"";
				DEVELOPMENT_TEAM = Y9XJT8FRMC;
				ENABLE_PREVIEWS = YES;
				GENERATE_INFOPLIST_FILE = YES;
				INFOPLIST_KEY_CFBundleDisplayName = Contacts;
				INFOPLIST_KEY_UIApplicationSceneManifest_Generation = YES;
				INFOPLIST_KEY_UIApplicationSupportsIndirectInputEvents = YES;
				INFOPLIST_KEY_UILaunchScreen_Generation = YES;
				INFOPLIST_KEY_UISupportedInterfaceOrientations = UIInterfaceOrientationPortrait;
				INFOPLIST_KEY_UISupportedInterfaceOrientations_iPad = "UIInterfaceOrientationPortrait UIInterfaceOrientationPortraitUpsideDown";
				LD_RUNPATH_SEARCH_PATHS = (
					"$(inherited)",
					"@executable_path/Frameworks",
				);
				MARKETING_VERSION = 1.0;
				PRODUCT_BUNDLE_IDENTIFIER = com.furkancingoz.ContatsSwiftUI;
				PRODUCT_NAME = "$(TARGET_NAME)";
				SWIFT_EMIT_LOC_STRINGS = YES;
				SWIFT_OBJC_BRIDGING_HEADER = "ContatsSwiftUI/Model/FMDB/ContatsSwiftUI-Bridging-Header.h";
				SWIFT_OPTIMIZATION_LEVEL = "-Onone";
				SWIFT_VERSION = 5.0;
				TARGETED_DEVICE_FAMILY = "1,2";
			};
			name = Debug;
		};
		65EE3E9C2BB63CDF00A380CA /* Release */ = {
			isa = XCBuildConfiguration;
			buildSettings = {
				ASSETCATALOG_COMPILER_APPICON_NAME = AppIcon;
				ASSETCATALOG_COMPILER_GLOBAL_ACCENT_COLOR_NAME = AccentColor;
				CLANG_ENABLE_MODULES = YES;
				CODE_SIGN_STYLE = Automatic;
				CURRENT_PROJECT_VERSION = 1;
				DEVELOPMENT_ASSET_PATHS = "\"ContatsSwiftUI/Preview Content\"";
				DEVELOPMENT_TEAM = Y9XJT8FRMC;
				ENABLE_PREVIEWS = YES;
				GENERATE_INFOPLIST_FILE = YES;
				INFOPLIST_KEY_CFBundleDisplayName = Contacts;
				INFOPLIST_KEY_UIApplicationSceneManifest_Generation = YES;
				INFOPLIST_KEY_UIApplicationSupportsIndirectInputEvents = YES;
				INFOPLIST_KEY_UILaunchScreen_Generation = YES;
				INFOPLIST_KEY_UISupportedInterfaceOrientations = UIInterfaceOrientationPortrait;
				INFOPLIST_KEY_UISupportedInterfaceOrientations_iPad = "UIInterfaceOrientationPortrait UIInterfaceOrientationPortraitUpsideDown";
				LD_RUNPATH_SEARCH_PATHS = (
					"$(inherited)",
					"@executable_path/Frameworks",
				);
				MARKETING_VERSION = 1.0;
				PRODUCT_BUNDLE_IDENTIFIER = com.furkancingoz.ContatsSwiftUI;
				PRODUCT_NAME = "$(TARGET_NAME)";
				SWIFT_EMIT_LOC_STRINGS = YES;
				SWIFT_OBJC_BRIDGING_HEADER = "ContatsSwiftUI/Model/FMDB/ContatsSwiftUI-Bridging-Header.h";
				SWIFT_VERSION = 5.0;
				TARGETED_DEVICE_FAMILY = "1,2";
			};
			name = Release;
		};
/* End XCBuildConfiguration section */

/* Begin XCConfigurationList section */
		65EE3E872BB63CDD00A380CA /* Build configuration list for PBXProject "ContatsSwiftUI" */ = {
			isa = XCConfigurationList;
			buildConfigurations = (
				65EE3E982BB63CDF00A380CA /* Debug */,
				65EE3E992BB63CDF00A380CA /* Release */,
			);
			defaultConfigurationIsVisible = 0;
			defaultConfigurationName = Release;
		};
		65EE3E9A2BB63CDF00A380CA /* Build configuration list for PBXNativeTarget "ContatsSwiftUI" */ = {
			isa = XCConfigurationList;
			buildConfigurations = (
				65EE3E9B2BB63CDF00A380CA /* Debug */,
				65EE3E9C2BB63CDF00A380CA /* Release */,
			);
			defaultConfigurationIsVisible = 0;
			defaultConfigurationName = Release;
		};
/* End XCConfigurationList section */
	};
	rootObject = 65EE3E842BB63CDD00A380CA /* Project object */;
}
